
Microsoft Visual Studio Solution File, Format Version 12.00
Project("{FAE04EC0-301F-11D3-BF4B-00C04F79EFBC}") = "Hangman", "Hangman\Hangman.csproj", "{B62D22EC-989E-467F-8F8B-F2CC2354E715}"
EndProject
Project("{FAE04EC0-301F-11D3-BF4B-00C04F79EFBC}") = "HangmanTest", "HangmanTest\HangmanTest.csproj", "{BF794A17-D52E-4A2B-8AB9-7EC23BE7A707}"
EndProject
Global
	GlobalSection(SolutionConfigurationPlatforms) = preSolution
		Debug|Any CPU = Debug|Any CPU
		Release|Any CPU = Release|Any CPU
	EndGlobalSection
	GlobalSection(ProjectConfigurationPlatforms) = postSolution
		{B62D22EC-989E-467F-8F8B-F2CC2354E715}.Debug|Any CPU.ActiveCfg = Debug|Any CPU
		{B62D22EC-989E-467F-8F8B-F2CC2354E715}.Debug|Any CPU.Build.0 = Debug|Any CPU
		{B62D22EC-989E-467F-8F8B-F2CC2354E715}.Release|Any CPU.ActiveCfg = Release|Any CPU
		{B62D22EC-989E-467F-8F8B-F2CC2354E715}.Release|Any CPU.Build.0 = Release|Any CPU
		{BF794A17-D52E-4A2B-8AB9-7EC23BE7A707}.Debug|Any CPU.ActiveCfg = Debug|Any CPU
		{BF794A17-D52E-4A2B-8AB9-7EC23BE7A707}.Debug|Any CPU.Build.0 = Debug|Any CPU
		{BF794A17-D52E-4A2B-8AB9-7EC23BE7A707}.Release|Any CPU.ActiveCfg = Release|Any CPU
		{BF794A17-D52E-4A2B-8AB9-7EC23BE7A707}.Release|Any CPU.Build.0 = Release|Any CPU
	EndGlobalSection
EndGlobal
